
Microsoft Visual Studio Solution File, Format Version 12.00
Project("{FAE04EC0-301F-11D3-BF4B-00C04F79EFBC}") = "Clients.Api", "Clients.Api\Clients.Api.csproj", "{3169F8B7-7807-4F56-935C-29529D30F3B3}"
EndProject
Project("{2150E333-8FDC-42A3-9474-1A3956D46DE8}") = "1.Presentation", "1.Presentation", "{785C6AAB-81E4-44ED-B8D0-C31E361FBA4C}"
EndProject
Project("{2150E333-8FDC-42A3-9474-1A3956D46DE8}") = "2.Application", "2.Application", "{8C578972-4F21-4417-B005-DAC8F2B47D51}"
EndProject
Project("{FAE04EC0-301F-11D3-BF4B-00C04F79EFBC}") = "Clients.Application", "Clients.Application\Clients.Application.csproj", "{BD56D86A-DD90-4FD0-A99D-577648A1CDDC}"
EndProject
Project("{2150E333-8FDC-42A3-9474-1A3956D46DE8}") = "3.Infrastructure", "3.Infrastructure", "{3DA67AAE-6514-464E-904A-DE58D10DDC5A}"
EndProject
Project("{2150E333-8FDC-42A3-9474-1A3956D46DE8}") = "4.Domain", "4.Domain", "{7E84AAE6-E01B-420D-A3AD-83C616C01086}"
EndProject
Project("{FAE04EC0-301F-11D3-BF4B-00C04F79EFBC}") = "Clients.Domain", "Clients.Domain\Clients.Domain.csproj", "{F5DCA52D-185E-4075-BD31-4294F0960450}"
EndProject
Project("{FAE04EC0-301F-11D3-BF4B-00C04F79EFBC}") = "Clients.Contracts", "Clients.Contracts\Clients.Contracts.csproj", "{72824930-C20F-47A0-82DC-A83FA2B5A935}"
EndProject
Project("{FAE04EC0-301F-11D3-BF4B-00C04F79EFBC}") = "Clients.Infrastructure", "Clients.Infrastructure\Clients.Infrastructure.csproj", "{627AF9B2-CD99-4FEE-8C14-EF493FE9F763}"
EndProject
Project("{2150E333-8FDC-42A3-9474-1A3956D46DE8}") = "Tests", "Tests", "{D4C4113D-58A9-4F07-B282-4EC1D7CF56F4}"
EndProject
Project("{FAE04EC0-301F-11D3-BF4B-00C04F79EFBC}") = "Clients.Tests", "Clients.Tests\Clients.Tests.csproj", "{8107CEBB-F14D-4268-9F5F-890D17AB9A0F}"
EndProject
Global
	GlobalSection(SolutionConfigurationPlatforms) = preSolution
		Debug|Any CPU = Debug|Any CPU
		Release|Any CPU = Release|Any CPU
	EndGlobalSection
	GlobalSection(ProjectConfigurationPlatforms) = postSolution
		{3169F8B7-7807-4F56-935C-29529D30F3B3}.Debug|Any CPU.ActiveCfg = Debug|Any CPU
		{3169F8B7-7807-4F56-935C-29529D30F3B3}.Debug|Any CPU.Build.0 = Debug|Any CPU
		{3169F8B7-7807-4F56-935C-29529D30F3B3}.Release|Any CPU.ActiveCfg = Release|Any CPU
		{3169F8B7-7807-4F56-935C-29529D30F3B3}.Release|Any CPU.Build.0 = Release|Any CPU
		{BD56D86A-DD90-4FD0-A99D-577648A1CDDC}.Debug|Any CPU.ActiveCfg = Debug|Any CPU
		{BD56D86A-DD90-4FD0-A99D-577648A1CDDC}.Debug|Any CPU.Build.0 = Debug|Any CPU
		{BD56D86A-DD90-4FD0-A99D-577648A1CDDC}.Release|Any CPU.ActiveCfg = Release|Any CPU
		{BD56D86A-DD90-4FD0-A99D-577648A1CDDC}.Release|Any CPU.Build.0 = Release|Any CPU
		{F5DCA52D-185E-4075-BD31-4294F0960450}.Debug|Any CPU.ActiveCfg = Debug|Any CPU
		{F5DCA52D-185E-4075-BD31-4294F0960450}.Debug|Any CPU.Build.0 = Debug|Any CPU
		{F5DCA52D-185E-4075-BD31-4294F0960450}.Release|Any CPU.ActiveCfg = Release|Any CPU
		{F5DCA52D-185E-4075-BD31-4294F0960450}.Release|Any CPU.Build.0 = Release|Any CPU
		{72824930-C20F-47A0-82DC-A83FA2B5A935}.Debug|Any CPU.ActiveCfg = Debug|Any CPU
		{72824930-C20F-47A0-82DC-A83FA2B5A935}.Debug|Any CPU.Build.0 = Debug|Any CPU
		{72824930-C20F-47A0-82DC-A83FA2B5A935}.Release|Any CPU.ActiveCfg = Release|Any CPU
		{72824930-C20F-47A0-82DC-A83FA2B5A935}.Release|Any CPU.Build.0 = Release|Any CPU
		{627AF9B2-CD99-4FEE-8C14-EF493FE9F763}.Debug|Any CPU.ActiveCfg = Debug|Any CPU
		{627AF9B2-CD99-4FEE-8C14-EF493FE9F763}.Debug|Any CPU.Build.0 = Debug|Any CPU
		{627AF9B2-CD99-4FEE-8C14-EF493FE9F763}.Release|Any CPU.ActiveCfg = Release|Any CPU
		{627AF9B2-CD99-4FEE-8C14-EF493FE9F763}.Release|Any CPU.Build.0 = Release|Any CPU
		{8107CEBB-F14D-4268-9F5F-890D17AB9A0F}.Debug|Any CPU.ActiveCfg = Debug|Any CPU
		{8107CEBB-F14D-4268-9F5F-890D17AB9A0F}.Debug|Any CPU.Build.0 = Debug|Any CPU
		{8107CEBB-F14D-4268-9F5F-890D17AB9A0F}.Release|Any CPU.ActiveCfg = Release|Any CPU
		{8107CEBB-F14D-4268-9F5F-890D17AB9A0F}.Release|Any CPU.Build.0 = Release|Any CPU
	EndGlobalSection
	GlobalSection(NestedProjects) = preSolution
		{3169F8B7-7807-4F56-935C-29529D30F3B3} = {785C6AAB-81E4-44ED-B8D0-C31E361FBA4C}
		{BD56D86A-DD90-4FD0-A99D-577648A1CDDC} = {8C578972-4F21-4417-B005-DAC8F2B47D51}
		{F5DCA52D-185E-4075-BD31-4294F0960450} = {7E84AAE6-E01B-420D-A3AD-83C616C01086}
		{72824930-C20F-47A0-82DC-A83FA2B5A935} = {785C6AAB-81E4-44ED-B8D0-C31E361FBA4C}
		{627AF9B2-CD99-4FEE-8C14-EF493FE9F763} = {3DA67AAE-6514-464E-904A-DE58D10DDC5A}
		{8107CEBB-F14D-4268-9F5F-890D17AB9A0F} = {D4C4113D-58A9-4F07-B282-4EC1D7CF56F4}
	EndGlobalSection
EndGlobal
