
Microsoft Visual Studio Solution File, Format Version 12.00
Project("{FAE04EC0-301F-11D3-BF4B-00C04F79EFBC}") = "Clients.Api", "Clients.Api\Clients.Api.csproj", "{3169F8B7-7807-4F56-935C-29529D30F3B3}"
EndProject
Project("{2150E333-8FDC-42A3-9474-1A3956D46DE8}") = "1.Presentation", "1.Presentation", "{785C6AAB-81E4-44ED-B8D0-C31E361FBA4C}"
EndProject
Project("{2150E333-8FDC-42A3-9474-1A3956D46DE8}") = "2.Application", "2.Application", "{8C578972-4F21-4417-B005-DAC8F2B47D51}"
EndProject
Project("{FAE04EC0-301F-11D3-BF4B-00C04F79EFBC}") = "Clients.Application", "Clients.Application\Clients.Application.csproj", "{BD56D86A-DD90-4FD0-A99D-577648A1CDDC}"
EndProject
Global
	GlobalSection(SolutionConfigurationPlatforms) = preSolution
		Debug|Any CPU = Debug|Any CPU
		Release|Any CPU = Release|Any CPU
	EndGlobalSection
	GlobalSection(ProjectConfigurationPlatforms) = postSolution
		{3169F8B7-7807-4F56-935C-29529D30F3B3}.Debug|Any CPU.ActiveCfg = Debug|Any CPU
		{3169F8B7-7807-4F56-935C-29529D30F3B3}.Debug|Any CPU.Build.0 = Debug|Any CPU
		{3169F8B7-7807-4F56-935C-29529D30F3B3}.Release|Any CPU.ActiveCfg = Release|Any CPU
		{3169F8B7-7807-4F56-935C-29529D30F3B3}.Release|Any CPU.Build.0 = Release|Any CPU
		{BD56D86A-DD90-4FD0-A99D-577648A1CDDC}.Debug|Any CPU.ActiveCfg = Debug|Any CPU
		{BD56D86A-DD90-4FD0-A99D-577648A1CDDC}.Debug|Any CPU.Build.0 = Debug|Any CPU
		{BD56D86A-DD90-4FD0-A99D-577648A1CDDC}.Release|Any CPU.ActiveCfg = Release|Any CPU
		{BD56D86A-DD90-4FD0-A99D-577648A1CDDC}.Release|Any CPU.Build.0 = Release|Any CPU
	EndGlobalSection
	GlobalSection(NestedProjects) = preSolution
		{3169F8B7-7807-4F56-935C-29529D30F3B3} = {785C6AAB-81E4-44ED-B8D0-C31E361FBA4C}
		{BD56D86A-DD90-4FD0-A99D-577648A1CDDC} = {8C578972-4F21-4417-B005-DAC8F2B47D51}
	EndGlobalSection
EndGlobal
